
Microsoft Visual Studio Solution File, Format Version 12.00
# Visual Studio Version 17
VisualStudioVersion = 17.10.35013.160
MinimumVisualStudioVersion = 10.0.40219.1
Project("{FAE04EC0-301F-11D3-BF4B-00C04F79EFBC}") = "FastReportsTest", "FastReportsTest\FastReportsTest.csproj", "{663054D0-44A9-421D-9CEC-00E04FDB0177}"
EndProject
Global
	GlobalSection(SolutionConfigurationPlatforms) = preSolution
		Debug|Any CPU = Debug|Any CPU
		Release|Any CPU = Release|Any CPU
	EndGlobalSection
	GlobalSection(ProjectConfigurationPlatforms) = postSolution
		{663054D0-44A9-421D-9CEC-00E04FDB0177}.Debug|Any CPU.ActiveCfg = Debug|Any CPU
		{663054D0-44A9-421D-9CEC-00E04FDB0177}.Debug|Any CPU.Build.0 = Debug|Any CPU
		{663054D0-44A9-421D-9CEC-00E04FDB0177}.Release|Any CPU.ActiveCfg = Release|Any CPU
		{663054D0-44A9-421D-9CEC-00E04FDB0177}.Release|Any CPU.Build.0 = Release|Any CPU
	EndGlobalSection
	GlobalSection(SolutionProperties) = preSolution
		HideSolutionNode = FALSE
	EndGlobalSection
	GlobalSection(ExtensibilityGlobals) = postSolution
		SolutionGuid = {B084F2B5-D86F-4933-B645-C266FBF41445}
	EndGlobalSection
EndGlobal
